
Microsoft Visual Studio Solution File, Format Version 12.00
# Visual Studio 15
VisualStudioVersion = 15.0.26228.9
MinimumVisualStudioVersion = 10.0.40219.1
Project("{FAE04EC0-301F-11D3-BF4B-00C04F79EFBC}") = "Transportsystem_GoogleMaps", "Transportsystem_GoogleMaps\Transportsystem_GoogleMaps.csproj", "{841B9504-632F-47DC-B483-B4524B4AE54C}"
EndProject
Project("{FAE04EC0-301F-11D3-BF4B-00C04F79EFBC}") = "AdminApiConsole", "AdminApiConsole\AdminApiConsole.csproj", "{390C01D3-3759-4855-9A66-120DB3CA9083}"
EndProject
Global
	GlobalSection(SolutionConfigurationPlatforms) = preSolution
		Debug|Any CPU = Debug|Any CPU
		Release|Any CPU = Release|Any CPU
	EndGlobalSection
	GlobalSection(ProjectConfigurationPlatforms) = postSolution
		{841B9504-632F-47DC-B483-B4524B4AE54C}.Debug|Any CPU.ActiveCfg = Debug|Any CPU
		{841B9504-632F-47DC-B483-B4524B4AE54C}.Debug|Any CPU.Build.0 = Debug|Any CPU
		{841B9504-632F-47DC-B483-B4524B4AE54C}.Release|Any CPU.ActiveCfg = Release|Any CPU
		{841B9504-632F-47DC-B483-B4524B4AE54C}.Release|Any CPU.Build.0 = Release|Any CPU
		{390C01D3-3759-4855-9A66-120DB3CA9083}.Debug|Any CPU.ActiveCfg = Debug|Any CPU
		{390C01D3-3759-4855-9A66-120DB3CA9083}.Debug|Any CPU.Build.0 = Debug|Any CPU
		{390C01D3-3759-4855-9A66-120DB3CA9083}.Release|Any CPU.ActiveCfg = Release|Any CPU
		{390C01D3-3759-4855-9A66-120DB3CA9083}.Release|Any CPU.Build.0 = Release|Any CPU
	EndGlobalSection
	GlobalSection(SolutionProperties) = preSolution
		HideSolutionNode = FALSE
	EndGlobalSection
EndGlobal
